
Microsoft Visual Studio Solution File, Format Version 12.00
# Visual Studio Version 17
VisualStudioVersion = 17.10.35013.160
MinimumVisualStudioVersion = 10.0.40219.1
Project("{FAE04EC0-301F-11D3-BF4B-00C04F79EFBC}") = "Buurmans.Common", "Buurmans.Common\Buurmans.Common.csproj", "{4F7D22AE-5EFA-4DE1-A7A3-7A1D48A5DED5}"
EndProject
Project("{FAE04EC0-301F-11D3-BF4B-00C04F79EFBC}") = "Buurmans.Mqtt", "Buurmans.Mqtt\Buurmans.Mqtt.csproj", "{85210519-DA25-46C3-8F78-8F94FE7D1035}"
EndProject
Project("{2150E333-8FDC-42A3-9474-1A3956D46DE8}") = "Solution Items", "Solution Items", "{59FF1246-D15C-408A-A822-6162FFA5AA4C}"
	ProjectSection(SolutionItems) = preProject
		.editorconfig = .editorconfig
	EndProjectSection
EndProject
Project("{FAE04EC0-301F-11D3-BF4B-00C04F79EFBC}") = "Buurmans.Console", "Buurmans.Console\Buurmans.Console.csproj", "{2C8D5913-76A2-4C7A-AF29-7DD524A82220}"
EndProject
Project("{FAE04EC0-301F-11D3-BF4B-00C04F79EFBC}") = "Buurmans.Scrape.Core", "Buurmans.Scrape.Core\Buurmans.Scrape.Core.csproj", "{6F6E3099-A4A4-402E-A78B-8C60BBBE5DE6}"
EndProject
Project("{FAE04EC0-301F-11D3-BF4B-00C04F79EFBC}") = "Buurmans.Scrape.Ui", "Buurmans.Scrape.Ui\Buurmans.Scrape.Ui.csproj", "{ACCFB39B-1277-4276-8E1F-E9E59DDE3F16}"
EndProject
Project("{9A19103F-16F7-4668-BE54-9A1E7A4F7556}") = "Buurmans.UnitTests", "Buurmans.UnitTests\Buurmans.UnitTests.csproj", "{2E859EB6-1D6B-4155-9FC6-FE52502A7621}"
EndProject
Project("{FAE04EC0-301F-11D3-BF4B-00C04F79EFBC}") = "Buurmans.AmbiLight.Core", "Buurmans.AmbiLight.Core\Buurmans.AmbiLight.Core.csproj", "{2DA90803-029B-4EEB-8263-B5558D222A91}"
EndProject
Project("{FAE04EC0-301F-11D3-BF4B-00C04F79EFBC}") = "Buurmans.AmbiLight.Form", "Buurmans.AmbiLight.Form\Buurmans.AmbiLight.Form.csproj", "{97B7A83A-754C-4B88-9A62-37BA3BF25487}"
EndProject
Global
	GlobalSection(SolutionConfigurationPlatforms) = preSolution
		Debug|Any CPU = Debug|Any CPU
		Release|Any CPU = Release|Any CPU
	EndGlobalSection
	GlobalSection(ProjectConfigurationPlatforms) = postSolution
		{4F7D22AE-5EFA-4DE1-A7A3-7A1D48A5DED5}.Debug|Any CPU.ActiveCfg = Debug|Any CPU
		{4F7D22AE-5EFA-4DE1-A7A3-7A1D48A5DED5}.Debug|Any CPU.Build.0 = Debug|Any CPU
		{4F7D22AE-5EFA-4DE1-A7A3-7A1D48A5DED5}.Release|Any CPU.ActiveCfg = Release|Any CPU
		{4F7D22AE-5EFA-4DE1-A7A3-7A1D48A5DED5}.Release|Any CPU.Build.0 = Release|Any CPU
		{85210519-DA25-46C3-8F78-8F94FE7D1035}.Debug|Any CPU.ActiveCfg = Debug|Any CPU
		{85210519-DA25-46C3-8F78-8F94FE7D1035}.Debug|Any CPU.Build.0 = Debug|Any CPU
		{85210519-DA25-46C3-8F78-8F94FE7D1035}.Release|Any CPU.ActiveCfg = Release|Any CPU
		{85210519-DA25-46C3-8F78-8F94FE7D1035}.Release|Any CPU.Build.0 = Release|Any CPU
		{2C8D5913-76A2-4C7A-AF29-7DD524A82220}.Debug|Any CPU.ActiveCfg = Debug|Any CPU
		{2C8D5913-76A2-4C7A-AF29-7DD524A82220}.Debug|Any CPU.Build.0 = Debug|Any CPU
		{2C8D5913-76A2-4C7A-AF29-7DD524A82220}.Release|Any CPU.ActiveCfg = Release|Any CPU
		{2C8D5913-76A2-4C7A-AF29-7DD524A82220}.Release|Any CPU.Build.0 = Release|Any CPU
		{6F6E3099-A4A4-402E-A78B-8C60BBBE5DE6}.Debug|Any CPU.ActiveCfg = Debug|Any CPU
		{6F6E3099-A4A4-402E-A78B-8C60BBBE5DE6}.Debug|Any CPU.Build.0 = Debug|Any CPU
		{6F6E3099-A4A4-402E-A78B-8C60BBBE5DE6}.Release|Any CPU.ActiveCfg = Release|Any CPU
		{6F6E3099-A4A4-402E-A78B-8C60BBBE5DE6}.Release|Any CPU.Build.0 = Release|Any CPU
		{ACCFB39B-1277-4276-8E1F-E9E59DDE3F16}.Debug|Any CPU.ActiveCfg = Debug|Any CPU
		{ACCFB39B-1277-4276-8E1F-E9E59DDE3F16}.Debug|Any CPU.Build.0 = Debug|Any CPU
		{ACCFB39B-1277-4276-8E1F-E9E59DDE3F16}.Release|Any CPU.ActiveCfg = Release|Any CPU
		{ACCFB39B-1277-4276-8E1F-E9E59DDE3F16}.Release|Any CPU.Build.0 = Release|Any CPU
		{2E859EB6-1D6B-4155-9FC6-FE52502A7621}.Debug|Any CPU.ActiveCfg = Debug|Any CPU
		{2E859EB6-1D6B-4155-9FC6-FE52502A7621}.Debug|Any CPU.Build.0 = Debug|Any CPU
		{2E859EB6-1D6B-4155-9FC6-FE52502A7621}.Release|Any CPU.ActiveCfg = Release|Any CPU
		{2E859EB6-1D6B-4155-9FC6-FE52502A7621}.Release|Any CPU.Build.0 = Release|Any CPU
		{2DA90803-029B-4EEB-8263-B5558D222A91}.Debug|Any CPU.ActiveCfg = Debug|Any CPU
		{2DA90803-029B-4EEB-8263-B5558D222A91}.Debug|Any CPU.Build.0 = Debug|Any CPU
		{2DA90803-029B-4EEB-8263-B5558D222A91}.Release|Any CPU.ActiveCfg = Release|Any CPU
		{2DA90803-029B-4EEB-8263-B5558D222A91}.Release|Any CPU.Build.0 = Release|Any CPU
		{97B7A83A-754C-4B88-9A62-37BA3BF25487}.Debug|Any CPU.ActiveCfg = Debug|Any CPU
		{97B7A83A-754C-4B88-9A62-37BA3BF25487}.Debug|Any CPU.Build.0 = Debug|Any CPU
		{97B7A83A-754C-4B88-9A62-37BA3BF25487}.Release|Any CPU.ActiveCfg = Release|Any CPU
		{97B7A83A-754C-4B88-9A62-37BA3BF25487}.Release|Any CPU.Build.0 = Release|Any CPU
	EndGlobalSection
	GlobalSection(SolutionProperties) = preSolution
		HideSolutionNode = FALSE
	EndGlobalSection
	GlobalSection(ExtensibilityGlobals) = postSolution
		SolutionGuid = {8B4849BB-0197-4996-87BC-C2E4D1E9978E}
	EndGlobalSection
EndGlobal
